
Microsoft Visual Studio Solution File, Format Version 12.00
# Visual Studio Version 16
VisualStudioVersion = 16.0.28922.388
MinimumVisualStudioVersion = 10.0.40219.1
Project("{FAE04EC0-301F-11D3-BF4B-00C04F79EFBC}") = "VTOLServerPlugin", "VTOLServerPlugin\VTOLServerPlugin.csproj", "{29F45017-D82F-4AF3-BE02-5B897075B3B8}"
EndProject
Project("{FAE04EC0-301F-11D3-BF4B-00C04F79EFBC}") = "Multiplayer", "Multiplayer\Multiplayer.csproj", "{3F9BF2D9-F3AB-4BD7-B074-99F2370462EC}"
EndProject
Global
	GlobalSection(SolutionConfigurationPlatforms) = preSolution
		Debug|Any CPU = Debug|Any CPU
		Release|Any CPU = Release|Any CPU
	EndGlobalSection
	GlobalSection(ProjectConfigurationPlatforms) = postSolution
		{29F45017-D82F-4AF3-BE02-5B897075B3B8}.Debug|Any CPU.ActiveCfg = Debug|Any CPU
		{29F45017-D82F-4AF3-BE02-5B897075B3B8}.Debug|Any CPU.Build.0 = Debug|Any CPU
		{29F45017-D82F-4AF3-BE02-5B897075B3B8}.Release|Any CPU.ActiveCfg = Release|Any CPU
		{29F45017-D82F-4AF3-BE02-5B897075B3B8}.Release|Any CPU.Build.0 = Release|Any CPU
		{3F9BF2D9-F3AB-4BD7-B074-99F2370462EC}.Debug|Any CPU.ActiveCfg = Debug|Any CPU
		{3F9BF2D9-F3AB-4BD7-B074-99F2370462EC}.Debug|Any CPU.Build.0 = Debug|Any CPU
		{3F9BF2D9-F3AB-4BD7-B074-99F2370462EC}.Release|Any CPU.ActiveCfg = Release|Any CPU
		{3F9BF2D9-F3AB-4BD7-B074-99F2370462EC}.Release|Any CPU.Build.0 = Release|Any CPU
	EndGlobalSection
	GlobalSection(SolutionProperties) = preSolution
		HideSolutionNode = FALSE
	EndGlobalSection
	GlobalSection(ExtensibilityGlobals) = postSolution
		SolutionGuid = {C8C92F2A-8D42-4CD3-8DF9-49B06621ABC6}
	EndGlobalSection
EndGlobal
