
Microsoft Visual Studio Solution File, Format Version 12.00
# Visual Studio Version 16
VisualStudioVersion = 16.0.28922.388
MinimumVisualStudioVersion = 10.0.40219.1
Project("{FAE04EC0-301F-11D3-BF4B-00C04F79EFBC}") = "VTOLVR-ModLoader", "VTOLVR-ModLoader\VTOLVR-ModLoader.csproj", "{4D9D2F10-E1AE-4980-AAAF-37B78DF081E7}"
EndProject
Project("{2150E333-8FDC-42A3-9474-1A3956D46DE8}") = "Example Mods", "Example Mods", "{F0B75EBE-57E6-44F2-B89C-96F7ED56AD8C}"
EndProject
Project("{FAE04EC0-301F-11D3-BF4B-00C04F79EFBC}") = "NoGravity", "Example Mods\NoGravity\NoGravity.csproj", "{5471978C-53E1-45FE-AE70-9861A71CCB77}"
EndProject
Project("{FAE04EC0-301F-11D3-BF4B-00C04F79EFBC}") = "ModLoader", "ModLoader\ModLoader.csproj", "{6954C277-7D91-4274-B54B-FDDAD7738790}"
EndProject
Project("{FAE04EC0-301F-11D3-BF4B-00C04F79EFBC}") = "Installer", "Installer\Installer.csproj", "{1EE40772-7545-473D-A2C9-DBE790F36BF3}"
EndProject
Project("{FAE04EC0-301F-11D3-BF4B-00C04F79EFBC}") = "F-35ConversionMod", "F-35ConversionMod\F-35ConversionMod.csproj", "{C3AC973A-F92B-4B9E-914E-C74FC7B4E17D}"
EndProject
Global
	GlobalSection(SolutionConfigurationPlatforms) = preSolution
		Debug|Any CPU = Debug|Any CPU
		Release|Any CPU = Release|Any CPU
	EndGlobalSection
	GlobalSection(ProjectConfigurationPlatforms) = postSolution
		{4D9D2F10-E1AE-4980-AAAF-37B78DF081E7}.Debug|Any CPU.ActiveCfg = Debug|Any CPU
		{4D9D2F10-E1AE-4980-AAAF-37B78DF081E7}.Debug|Any CPU.Build.0 = Debug|Any CPU
		{4D9D2F10-E1AE-4980-AAAF-37B78DF081E7}.Release|Any CPU.ActiveCfg = Release|Any CPU
		{4D9D2F10-E1AE-4980-AAAF-37B78DF081E7}.Release|Any CPU.Build.0 = Release|Any CPU
		{5471978C-53E1-45FE-AE70-9861A71CCB77}.Debug|Any CPU.ActiveCfg = Debug|Any CPU
		{5471978C-53E1-45FE-AE70-9861A71CCB77}.Debug|Any CPU.Build.0 = Debug|Any CPU
		{5471978C-53E1-45FE-AE70-9861A71CCB77}.Release|Any CPU.ActiveCfg = Release|Any CPU
		{5471978C-53E1-45FE-AE70-9861A71CCB77}.Release|Any CPU.Build.0 = Release|Any CPU
		{6954C277-7D91-4274-B54B-FDDAD7738790}.Debug|Any CPU.ActiveCfg = Debug|Any CPU
		{6954C277-7D91-4274-B54B-FDDAD7738790}.Debug|Any CPU.Build.0 = Debug|Any CPU
		{6954C277-7D91-4274-B54B-FDDAD7738790}.Release|Any CPU.ActiveCfg = Release|Any CPU
		{6954C277-7D91-4274-B54B-FDDAD7738790}.Release|Any CPU.Build.0 = Release|Any CPU
		{1EE40772-7545-473D-A2C9-DBE790F36BF3}.Debug|Any CPU.ActiveCfg = Debug|Any CPU
		{1EE40772-7545-473D-A2C9-DBE790F36BF3}.Debug|Any CPU.Build.0 = Debug|Any CPU
		{1EE40772-7545-473D-A2C9-DBE790F36BF3}.Release|Any CPU.ActiveCfg = Release|Any CPU
		{1EE40772-7545-473D-A2C9-DBE790F36BF3}.Release|Any CPU.Build.0 = Release|Any CPU
		{C3AC973A-F92B-4B9E-914E-C74FC7B4E17D}.Debug|Any CPU.ActiveCfg = Debug|Any CPU
		{C3AC973A-F92B-4B9E-914E-C74FC7B4E17D}.Debug|Any CPU.Build.0 = Debug|Any CPU
		{C3AC973A-F92B-4B9E-914E-C74FC7B4E17D}.Release|Any CPU.ActiveCfg = Release|Any CPU
		{C3AC973A-F92B-4B9E-914E-C74FC7B4E17D}.Release|Any CPU.Build.0 = Release|Any CPU
	EndGlobalSection
	GlobalSection(SolutionProperties) = preSolution
		HideSolutionNode = FALSE
	EndGlobalSection
	GlobalSection(NestedProjects) = preSolution
		{5471978C-53E1-45FE-AE70-9861A71CCB77} = {F0B75EBE-57E6-44F2-B89C-96F7ED56AD8C}
	EndGlobalSection
	GlobalSection(ExtensibilityGlobals) = postSolution
		SolutionGuid = {C8C92F2A-8D42-4CD3-8DF9-49B06621ABC6}
	EndGlobalSection
EndGlobal
